
Microsoft Visual Studio Solution File, Format Version 12.00
# Visual Studio Version 16
VisualStudioVersion = 16.0.30709.132
MinimumVisualStudioVersion = 15.0.26124.0
Project("{D954291E-2A0B-460D-934E-DC6B0785DB48}") = "UnoTest.Client.Shared", "iRatio.Client\iRatio.Client.Shared\UnoTest.Client.Shared.shproj", "{6279C845-92F8-4333-AB99-3D213163593C}"
EndProject
Project("{FAE04EC0-301F-11D3-BF4B-00C04F79EFBC}") = "UnoTest.Client.Droid", "iRatio.Client\iRatio.Client.Droid\UnoTest.Client.Droid.csproj", "{4709BC87-B9A1-417C-B140-2AE20662166E}"
EndProject
Project("{FAE04EC0-301F-11D3-BF4B-00C04F79EFBC}") = "iRatio.Client.iOS", "iRatio.Client\iRatio.Client.iOS\iRatio.Client.iOS.csproj", "{CA0DEC79-47FA-4882-8A86-D92BF9E52AF1}"
EndProject
Project("{FAE04EC0-301F-11D3-BF4B-00C04F79EFBC}") = "UnoTest.Client.UWP", "iRatio.Client\iRatio.Client.UWP\UnoTest.Client.UWP.csproj", "{11BAF6B3-EB7C-498E-B726-764DE9B9C51F}"
EndProject
Project("{9A19103F-16F7-4668-BE54-9A1E7A4F7556}") = "UnoTest.Client.Wasm", "iRatio.Client\iRatio.Client.Wasm\UnoTest.Client.Wasm.csproj", "{CB80479F-4341-41F2-AD42-2FAA8337E00E}"
EndProject
Project("{FAE04EC0-301F-11D3-BF4B-00C04F79EFBC}") = "UnoTest.Client.macOS", "iRatio.Client\iRatio.Client.macOS\UnoTest.Client.macOS.csproj", "{EF5C63B3-6C11-4FCB-860C-B70576504048}"
EndProject
Project("{9A19103F-16F7-4668-BE54-9A1E7A4F7556}") = "UnoTest.Client.Skia.Wpf.Host", "iRatio.Client\iRatio.Client.Skia.Wpf.Host\UnoTest.Client.Skia.Wpf.Host.csproj", "{F9A3A981-6312-415B-A39B-C19B304F4937}"
EndProject
Project("{9A19103F-16F7-4668-BE54-9A1E7A4F7556}") = "UnoTest.Client.Skia.Wpf", "iRatio.Client\iRatio.Client.Skia.Wpf\UnoTest.Client.Skia.Wpf.csproj", "{7607CD73-E912-48D8-A561-C9FF0598B8CD}"
EndProject
Project("{9A19103F-16F7-4668-BE54-9A1E7A4F7556}") = "UnoTest.Client.Skia.Gtk", "iRatio.Client\iRatio.Client.Skia.Gtk\UnoTest.Client.Skia.Gtk.csproj", "{B21073BD-5DC6-4565-A1B2-9A1891573574}"
EndProject
Project("{2150E333-8FDC-42A3-9474-1A3956D46DE8}") = "Solution Items", "Solution Items", "{E44EABD1-DA9D-4962-BF72-3D527CAD34B8}"
	ProjectSection(SolutionItems) = preProject
		.editorconfig = .editorconfig
		Directory.Build.props = Directory.Build.props
	EndProjectSection
EndProject
Global
	GlobalSection(SharedMSBuildProjectFiles) = preSolution
		iRatio.Client\iRatio.Client.Shared\iRatio.Client.Shared.projitems*{11baf6b3-eb7c-498e-b726-764de9b9c51f}*SharedItemsImports = 4
		iRatio.Client\iRatio.Client.Shared\iRatio.Client.Shared.projitems*{4709bc87-b9a1-417c-b140-2ae20662166e}*SharedItemsImports = 4
		iRatio.Client\iRatio.Client.Shared\iRatio.Client.Shared.projitems*{6279c845-92f8-4333-ab99-3d213163593c}*SharedItemsImports = 13
		iRatio.Client\iRatio.Client.Shared\iRatio.Client.Shared.projitems*{7607cd73-e912-48d8-a561-c9ff0598b8cd}*SharedItemsImports = 5
		iRatio.Client\iRatio.Client.Shared\iRatio.Client.Shared.projitems*{b21073bd-5dc6-4565-a1b2-9a1891573574}*SharedItemsImports = 5
		iRatio.Client\iRatio.Client.Shared\iRatio.Client.Shared.projitems*{ca0dec79-47fa-4882-8a86-d92bf9e52af1}*SharedItemsImports = 4
		iRatio.Client\iRatio.Client.Shared\iRatio.Client.Shared.projitems*{cb80479f-4341-41f2-ad42-2faa8337e00e}*SharedItemsImports = 5
		iRatio.Client\iRatio.Client.Shared\iRatio.Client.Shared.projitems*{ef5c63b3-6c11-4fcb-860c-b70576504048}*SharedItemsImports = 4
	EndGlobalSection
	GlobalSection(SolutionConfigurationPlatforms) = preSolution
		Ad-Hoc|Any CPU = Ad-Hoc|Any CPU
		Ad-Hoc|ARM = Ad-Hoc|ARM
		Ad-Hoc|ARM64 = Ad-Hoc|ARM64
		Ad-Hoc|iPhone = Ad-Hoc|iPhone
		Ad-Hoc|iPhoneSimulator = Ad-Hoc|iPhoneSimulator
		Ad-Hoc|x64 = Ad-Hoc|x64
		Ad-Hoc|x86 = Ad-Hoc|x86
		AppStore|Any CPU = AppStore|Any CPU
		AppStore|ARM = AppStore|ARM
		AppStore|ARM64 = AppStore|ARM64
		AppStore|iPhone = AppStore|iPhone
		AppStore|iPhoneSimulator = AppStore|iPhoneSimulator
		AppStore|x64 = AppStore|x64
		AppStore|x86 = AppStore|x86
		Debug|Any CPU = Debug|Any CPU
		Debug|ARM = Debug|ARM
		Debug|ARM64 = Debug|ARM64
		Debug|iPhone = Debug|iPhone
		Debug|iPhoneSimulator = Debug|iPhoneSimulator
		Debug|x64 = Debug|x64
		Debug|x86 = Debug|x86
		Release|Any CPU = Release|Any CPU
		Release|ARM = Release|ARM
		Release|ARM64 = Release|ARM64
		Release|iPhone = Release|iPhone
		Release|iPhoneSimulator = Release|iPhoneSimulator
		Release|x64 = Release|x64
		Release|x86 = Release|x86
	EndGlobalSection
	GlobalSection(ProjectConfigurationPlatforms) = postSolution
		{4709BC87-B9A1-417C-B140-2AE20662166E}.Ad-Hoc|Any CPU.ActiveCfg = Debug|Any CPU
		{4709BC87-B9A1-417C-B140-2AE20662166E}.Ad-Hoc|Any CPU.Build.0 = Debug|Any CPU
		{4709BC87-B9A1-417C-B140-2AE20662166E}.Ad-Hoc|Any CPU.Deploy.0 = Debug|Any CPU
		{4709BC87-B9A1-417C-B140-2AE20662166E}.Ad-Hoc|ARM.ActiveCfg = Debug|Any CPU
		{4709BC87-B9A1-417C-B140-2AE20662166E}.Ad-Hoc|ARM.Build.0 = Debug|Any CPU
		{4709BC87-B9A1-417C-B140-2AE20662166E}.Ad-Hoc|ARM.Deploy.0 = Debug|Any CPU
		{4709BC87-B9A1-417C-B140-2AE20662166E}.Ad-Hoc|ARM64.ActiveCfg = Debug|Any CPU
		{4709BC87-B9A1-417C-B140-2AE20662166E}.Ad-Hoc|ARM64.Build.0 = Debug|Any CPU
		{4709BC87-B9A1-417C-B140-2AE20662166E}.Ad-Hoc|ARM64.Deploy.0 = Debug|Any CPU
		{4709BC87-B9A1-417C-B140-2AE20662166E}.Ad-Hoc|iPhone.ActiveCfg = Debug|Any CPU
		{4709BC87-B9A1-417C-B140-2AE20662166E}.Ad-Hoc|iPhone.Build.0 = Debug|Any CPU
		{4709BC87-B9A1-417C-B140-2AE20662166E}.Ad-Hoc|iPhone.Deploy.0 = Debug|Any CPU
		{4709BC87-B9A1-417C-B140-2AE20662166E}.Ad-Hoc|iPhoneSimulator.ActiveCfg = Debug|Any CPU
		{4709BC87-B9A1-417C-B140-2AE20662166E}.Ad-Hoc|iPhoneSimulator.Build.0 = Debug|Any CPU
		{4709BC87-B9A1-417C-B140-2AE20662166E}.Ad-Hoc|iPhoneSimulator.Deploy.0 = Debug|Any CPU
		{4709BC87-B9A1-417C-B140-2AE20662166E}.Ad-Hoc|x64.ActiveCfg = Debug|Any CPU
		{4709BC87-B9A1-417C-B140-2AE20662166E}.Ad-Hoc|x64.Build.0 = Debug|Any CPU
		{4709BC87-B9A1-417C-B140-2AE20662166E}.Ad-Hoc|x64.Deploy.0 = Debug|Any CPU
		{4709BC87-B9A1-417C-B140-2AE20662166E}.Ad-Hoc|x86.ActiveCfg = Debug|Any CPU
		{4709BC87-B9A1-417C-B140-2AE20662166E}.Ad-Hoc|x86.Build.0 = Debug|Any CPU
		{4709BC87-B9A1-417C-B140-2AE20662166E}.Ad-Hoc|x86.Deploy.0 = Debug|Any CPU
		{4709BC87-B9A1-417C-B140-2AE20662166E}.AppStore|Any CPU.ActiveCfg = Debug|Any CPU
		{4709BC87-B9A1-417C-B140-2AE20662166E}.AppStore|Any CPU.Build.0 = Debug|Any CPU
		{4709BC87-B9A1-417C-B140-2AE20662166E}.AppStore|Any CPU.Deploy.0 = Debug|Any CPU
		{4709BC87-B9A1-417C-B140-2AE20662166E}.AppStore|ARM.ActiveCfg = Debug|Any CPU
		{4709BC87-B9A1-417C-B140-2AE20662166E}.AppStore|ARM.Build.0 = Debug|Any CPU
		{4709BC87-B9A1-417C-B140-2AE20662166E}.AppStore|ARM.Deploy.0 = Debug|Any CPU
		{4709BC87-B9A1-417C-B140-2AE20662166E}.AppStore|ARM64.ActiveCfg = Debug|Any CPU
		{4709BC87-B9A1-417C-B140-2AE20662166E}.AppStore|ARM64.Build.0 = Debug|Any CPU
		{4709BC87-B9A1-417C-B140-2AE20662166E}.AppStore|ARM64.Deploy.0 = Debug|Any CPU
		{4709BC87-B9A1-417C-B140-2AE20662166E}.AppStore|iPhone.ActiveCfg = Debug|Any CPU
		{4709BC87-B9A1-417C-B140-2AE20662166E}.AppStore|iPhone.Build.0 = Debug|Any CPU
		{4709BC87-B9A1-417C-B140-2AE20662166E}.AppStore|iPhone.Deploy.0 = Debug|Any CPU
		{4709BC87-B9A1-417C-B140-2AE20662166E}.AppStore|iPhoneSimulator.ActiveCfg = Debug|Any CPU
		{4709BC87-B9A1-417C-B140-2AE20662166E}.AppStore|iPhoneSimulator.Build.0 = Debug|Any CPU
		{4709BC87-B9A1-417C-B140-2AE20662166E}.AppStore|iPhoneSimulator.Deploy.0 = Debug|Any CPU
		{4709BC87-B9A1-417C-B140-2AE20662166E}.AppStore|x64.ActiveCfg = Debug|Any CPU
		{4709BC87-B9A1-417C-B140-2AE20662166E}.AppStore|x64.Build.0 = Debug|Any CPU
		{4709BC87-B9A1-417C-B140-2AE20662166E}.AppStore|x64.Deploy.0 = Debug|Any CPU
		{4709BC87-B9A1-417C-B140-2AE20662166E}.AppStore|x86.ActiveCfg = Debug|Any CPU
		{4709BC87-B9A1-417C-B140-2AE20662166E}.AppStore|x86.Build.0 = Debug|Any CPU
		{4709BC87-B9A1-417C-B140-2AE20662166E}.AppStore|x86.Deploy.0 = Debug|Any CPU
		{4709BC87-B9A1-417C-B140-2AE20662166E}.Debug|Any CPU.ActiveCfg = Debug|Any CPU
		{4709BC87-B9A1-417C-B140-2AE20662166E}.Debug|Any CPU.Build.0 = Debug|Any CPU
		{4709BC87-B9A1-417C-B140-2AE20662166E}.Debug|Any CPU.Deploy.0 = Debug|Any CPU
		{4709BC87-B9A1-417C-B140-2AE20662166E}.Debug|ARM.ActiveCfg = Debug|Any CPU
		{4709BC87-B9A1-417C-B140-2AE20662166E}.Debug|ARM.Build.0 = Debug|Any CPU
		{4709BC87-B9A1-417C-B140-2AE20662166E}.Debug|ARM.Deploy.0 = Debug|Any CPU
		{4709BC87-B9A1-417C-B140-2AE20662166E}.Debug|ARM64.ActiveCfg = Debug|Any CPU
		{4709BC87-B9A1-417C-B140-2AE20662166E}.Debug|ARM64.Build.0 = Debug|Any CPU
		{4709BC87-B9A1-417C-B140-2AE20662166E}.Debug|ARM64.Deploy.0 = Debug|Any CPU
		{4709BC87-B9A1-417C-B140-2AE20662166E}.Debug|iPhone.ActiveCfg = Debug|Any CPU
		{4709BC87-B9A1-417C-B140-2AE20662166E}.Debug|iPhone.Build.0 = Debug|Any CPU
		{4709BC87-B9A1-417C-B140-2AE20662166E}.Debug|iPhone.Deploy.0 = Debug|Any CPU
		{4709BC87-B9A1-417C-B140-2AE20662166E}.Debug|iPhoneSimulator.ActiveCfg = Debug|Any CPU
		{4709BC87-B9A1-417C-B140-2AE20662166E}.Debug|iPhoneSimulator.Build.0 = Debug|Any CPU
		{4709BC87-B9A1-417C-B140-2AE20662166E}.Debug|iPhoneSimulator.Deploy.0 = Debug|Any CPU
		{4709BC87-B9A1-417C-B140-2AE20662166E}.Debug|x64.ActiveCfg = Debug|Any CPU
		{4709BC87-B9A1-417C-B140-2AE20662166E}.Debug|x64.Build.0 = Debug|Any CPU
		{4709BC87-B9A1-417C-B140-2AE20662166E}.Debug|x64.Deploy.0 = Debug|Any CPU
		{4709BC87-B9A1-417C-B140-2AE20662166E}.Debug|x86.ActiveCfg = Debug|Any CPU
		{4709BC87-B9A1-417C-B140-2AE20662166E}.Debug|x86.Build.0 = Debug|Any CPU
		{4709BC87-B9A1-417C-B140-2AE20662166E}.Debug|x86.Deploy.0 = Debug|Any CPU
		{4709BC87-B9A1-417C-B140-2AE20662166E}.Release|Any CPU.ActiveCfg = Release|Any CPU
		{4709BC87-B9A1-417C-B140-2AE20662166E}.Release|Any CPU.Build.0 = Release|Any CPU
		{4709BC87-B9A1-417C-B140-2AE20662166E}.Release|Any CPU.Deploy.0 = Release|Any CPU
		{4709BC87-B9A1-417C-B140-2AE20662166E}.Release|ARM.ActiveCfg = Release|Any CPU
		{4709BC87-B9A1-417C-B140-2AE20662166E}.Release|ARM.Build.0 = Release|Any CPU
		{4709BC87-B9A1-417C-B140-2AE20662166E}.Release|ARM.Deploy.0 = Release|Any CPU
		{4709BC87-B9A1-417C-B140-2AE20662166E}.Release|ARM64.ActiveCfg = Release|Any CPU
		{4709BC87-B9A1-417C-B140-2AE20662166E}.Release|ARM64.Build.0 = Release|Any CPU
		{4709BC87-B9A1-417C-B140-2AE20662166E}.Release|ARM64.Deploy.0 = Release|Any CPU
		{4709BC87-B9A1-417C-B140-2AE20662166E}.Release|iPhone.ActiveCfg = Release|Any CPU
		{4709BC87-B9A1-417C-B140-2AE20662166E}.Release|iPhone.Build.0 = Release|Any CPU
		{4709BC87-B9A1-417C-B140-2AE20662166E}.Release|iPhone.Deploy.0 = Release|Any CPU
		{4709BC87-B9A1-417C-B140-2AE20662166E}.Release|iPhoneSimulator.ActiveCfg = Release|Any CPU
		{4709BC87-B9A1-417C-B140-2AE20662166E}.Release|iPhoneSimulator.Build.0 = Release|Any CPU
		{4709BC87-B9A1-417C-B140-2AE20662166E}.Release|iPhoneSimulator.Deploy.0 = Release|Any CPU
		{4709BC87-B9A1-417C-B140-2AE20662166E}.Release|x64.ActiveCfg = Release|Any CPU
		{4709BC87-B9A1-417C-B140-2AE20662166E}.Release|x64.Build.0 = Release|Any CPU
		{4709BC87-B9A1-417C-B140-2AE20662166E}.Release|x64.Deploy.0 = Release|Any CPU
		{4709BC87-B9A1-417C-B140-2AE20662166E}.Release|x86.ActiveCfg = Release|Any CPU
		{4709BC87-B9A1-417C-B140-2AE20662166E}.Release|x86.Build.0 = Release|Any CPU
		{4709BC87-B9A1-417C-B140-2AE20662166E}.Release|x86.Deploy.0 = Release|Any CPU
		{CA0DEC79-47FA-4882-8A86-D92BF9E52AF1}.Ad-Hoc|Any CPU.ActiveCfg = Ad-Hoc|iPhoneSimulator
		{CA0DEC79-47FA-4882-8A86-D92BF9E52AF1}.Ad-Hoc|ARM.ActiveCfg = Ad-Hoc|iPhoneSimulator
		{CA0DEC79-47FA-4882-8A86-D92BF9E52AF1}.Ad-Hoc|ARM64.ActiveCfg = Ad-Hoc|iPhoneSimulator
		{CA0DEC79-47FA-4882-8A86-D92BF9E52AF1}.Ad-Hoc|iPhone.ActiveCfg = Ad-Hoc|iPhone
		{CA0DEC79-47FA-4882-8A86-D92BF9E52AF1}.Ad-Hoc|iPhone.Build.0 = Ad-Hoc|iPhone
		{CA0DEC79-47FA-4882-8A86-D92BF9E52AF1}.Ad-Hoc|iPhoneSimulator.ActiveCfg = Ad-Hoc|iPhoneSimulator
		{CA0DEC79-47FA-4882-8A86-D92BF9E52AF1}.Ad-Hoc|iPhoneSimulator.Build.0 = Ad-Hoc|iPhoneSimulator
		{CA0DEC79-47FA-4882-8A86-D92BF9E52AF1}.Ad-Hoc|x64.ActiveCfg = Ad-Hoc|iPhoneSimulator
		{CA0DEC79-47FA-4882-8A86-D92BF9E52AF1}.Ad-Hoc|x86.ActiveCfg = Ad-Hoc|iPhoneSimulator
		{CA0DEC79-47FA-4882-8A86-D92BF9E52AF1}.AppStore|Any CPU.ActiveCfg = AppStore|iPhoneSimulator
		{CA0DEC79-47FA-4882-8A86-D92BF9E52AF1}.AppStore|ARM.ActiveCfg = AppStore|iPhoneSimulator
		{CA0DEC79-47FA-4882-8A86-D92BF9E52AF1}.AppStore|ARM64.ActiveCfg = AppStore|iPhoneSimulator
		{CA0DEC79-47FA-4882-8A86-D92BF9E52AF1}.AppStore|iPhone.ActiveCfg = AppStore|iPhone
		{CA0DEC79-47FA-4882-8A86-D92BF9E52AF1}.AppStore|iPhone.Build.0 = AppStore|iPhone
		{CA0DEC79-47FA-4882-8A86-D92BF9E52AF1}.AppStore|iPhoneSimulator.ActiveCfg = AppStore|iPhone
		{CA0DEC79-47FA-4882-8A86-D92BF9E52AF1}.AppStore|x64.ActiveCfg = AppStore|iPhoneSimulator
		{CA0DEC79-47FA-4882-8A86-D92BF9E52AF1}.AppStore|x86.ActiveCfg = AppStore|iPhoneSimulator
		{CA0DEC79-47FA-4882-8A86-D92BF9E52AF1}.Debug|Any CPU.ActiveCfg = Debug|iPhoneSimulator
		{CA0DEC79-47FA-4882-8A86-D92BF9E52AF1}.Debug|ARM.ActiveCfg = Debug|iPhoneSimulator
		{CA0DEC79-47FA-4882-8A86-D92BF9E52AF1}.Debug|ARM64.ActiveCfg = Debug|iPhoneSimulator
		{CA0DEC79-47FA-4882-8A86-D92BF9E52AF1}.Debug|iPhone.ActiveCfg = Debug|iPhone
		{CA0DEC79-47FA-4882-8A86-D92BF9E52AF1}.Debug|iPhone.Build.0 = Debug|iPhone
		{CA0DEC79-47FA-4882-8A86-D92BF9E52AF1}.Debug|iPhone.Deploy.0 = Debug|iPhone
		{CA0DEC79-47FA-4882-8A86-D92BF9E52AF1}.Debug|iPhoneSimulator.ActiveCfg = Debug|iPhoneSimulator
		{CA0DEC79-47FA-4882-8A86-D92BF9E52AF1}.Debug|iPhoneSimulator.Build.0 = Debug|iPhoneSimulator
		{CA0DEC79-47FA-4882-8A86-D92BF9E52AF1}.Debug|x64.ActiveCfg = Debug|iPhoneSimulator
		{CA0DEC79-47FA-4882-8A86-D92BF9E52AF1}.Debug|x86.ActiveCfg = Debug|iPhoneSimulator
		{CA0DEC79-47FA-4882-8A86-D92BF9E52AF1}.Release|Any CPU.ActiveCfg = Release|iPhoneSimulator
		{CA0DEC79-47FA-4882-8A86-D92BF9E52AF1}.Release|ARM.ActiveCfg = Release|iPhoneSimulator
		{CA0DEC79-47FA-4882-8A86-D92BF9E52AF1}.Release|ARM64.ActiveCfg = Release|iPhoneSimulator
		{CA0DEC79-47FA-4882-8A86-D92BF9E52AF1}.Release|iPhone.ActiveCfg = Release|iPhone
		{CA0DEC79-47FA-4882-8A86-D92BF9E52AF1}.Release|iPhone.Build.0 = Release|iPhone
		{CA0DEC79-47FA-4882-8A86-D92BF9E52AF1}.Release|iPhoneSimulator.ActiveCfg = Release|iPhoneSimulator
		{CA0DEC79-47FA-4882-8A86-D92BF9E52AF1}.Release|iPhoneSimulator.Build.0 = Release|iPhoneSimulator
		{CA0DEC79-47FA-4882-8A86-D92BF9E52AF1}.Release|x64.ActiveCfg = Release|iPhoneSimulator
		{CA0DEC79-47FA-4882-8A86-D92BF9E52AF1}.Release|x86.ActiveCfg = Release|iPhoneSimulator
		{11BAF6B3-EB7C-498E-B726-764DE9B9C51F}.Ad-Hoc|Any CPU.ActiveCfg = Debug|x86
		{11BAF6B3-EB7C-498E-B726-764DE9B9C51F}.Ad-Hoc|Any CPU.Build.0 = Debug|x86
		{11BAF6B3-EB7C-498E-B726-764DE9B9C51F}.Ad-Hoc|Any CPU.Deploy.0 = Debug|x86
		{11BAF6B3-EB7C-498E-B726-764DE9B9C51F}.Ad-Hoc|ARM.ActiveCfg = Debug|ARM
		{11BAF6B3-EB7C-498E-B726-764DE9B9C51F}.Ad-Hoc|ARM.Build.0 = Debug|ARM
		{11BAF6B3-EB7C-498E-B726-764DE9B9C51F}.Ad-Hoc|ARM.Deploy.0 = Debug|ARM
		{11BAF6B3-EB7C-498E-B726-764DE9B9C51F}.Ad-Hoc|ARM64.ActiveCfg = Debug|ARM64
		{11BAF6B3-EB7C-498E-B726-764DE9B9C51F}.Ad-Hoc|ARM64.Build.0 = Debug|ARM64
		{11BAF6B3-EB7C-498E-B726-764DE9B9C51F}.Ad-Hoc|ARM64.Deploy.0 = Debug|ARM64
		{11BAF6B3-EB7C-498E-B726-764DE9B9C51F}.Ad-Hoc|iPhone.ActiveCfg = Debug|x86
		{11BAF6B3-EB7C-498E-B726-764DE9B9C51F}.Ad-Hoc|iPhone.Build.0 = Debug|x86
		{11BAF6B3-EB7C-498E-B726-764DE9B9C51F}.Ad-Hoc|iPhone.Deploy.0 = Debug|x86
		{11BAF6B3-EB7C-498E-B726-764DE9B9C51F}.Ad-Hoc|iPhoneSimulator.ActiveCfg = Debug|x86
		{11BAF6B3-EB7C-498E-B726-764DE9B9C51F}.Ad-Hoc|iPhoneSimulator.Build.0 = Debug|x86
		{11BAF6B3-EB7C-498E-B726-764DE9B9C51F}.Ad-Hoc|iPhoneSimulator.Deploy.0 = Debug|x86
		{11BAF6B3-EB7C-498E-B726-764DE9B9C51F}.Ad-Hoc|x64.ActiveCfg = Debug|x64
		{11BAF6B3-EB7C-498E-B726-764DE9B9C51F}.Ad-Hoc|x64.Build.0 = Debug|x64
		{11BAF6B3-EB7C-498E-B726-764DE9B9C51F}.Ad-Hoc|x64.Deploy.0 = Debug|x64
		{11BAF6B3-EB7C-498E-B726-764DE9B9C51F}.Ad-Hoc|x86.ActiveCfg = Debug|x86
		{11BAF6B3-EB7C-498E-B726-764DE9B9C51F}.Ad-Hoc|x86.Build.0 = Debug|x86
		{11BAF6B3-EB7C-498E-B726-764DE9B9C51F}.Ad-Hoc|x86.Deploy.0 = Debug|x86
		{11BAF6B3-EB7C-498E-B726-764DE9B9C51F}.AppStore|Any CPU.ActiveCfg = Debug|x86
		{11BAF6B3-EB7C-498E-B726-764DE9B9C51F}.AppStore|Any CPU.Build.0 = Debug|x86
		{11BAF6B3-EB7C-498E-B726-764DE9B9C51F}.AppStore|Any CPU.Deploy.0 = Debug|x86
		{11BAF6B3-EB7C-498E-B726-764DE9B9C51F}.AppStore|ARM.ActiveCfg = Debug|ARM
		{11BAF6B3-EB7C-498E-B726-764DE9B9C51F}.AppStore|ARM.Build.0 = Debug|ARM
		{11BAF6B3-EB7C-498E-B726-764DE9B9C51F}.AppStore|ARM.Deploy.0 = Debug|ARM
		{11BAF6B3-EB7C-498E-B726-764DE9B9C51F}.AppStore|ARM64.ActiveCfg = Debug|ARM64
		{11BAF6B3-EB7C-498E-B726-764DE9B9C51F}.AppStore|ARM64.Build.0 = Debug|ARM64
		{11BAF6B3-EB7C-498E-B726-764DE9B9C51F}.AppStore|ARM64.Deploy.0 = Debug|ARM64
		{11BAF6B3-EB7C-498E-B726-764DE9B9C51F}.AppStore|iPhone.ActiveCfg = Debug|x86
		{11BAF6B3-EB7C-498E-B726-764DE9B9C51F}.AppStore|iPhoneSimulator.ActiveCfg = Debug|x86
		{11BAF6B3-EB7C-498E-B726-764DE9B9C51F}.AppStore|x64.ActiveCfg = Debug|x64
		{11BAF6B3-EB7C-498E-B726-764DE9B9C51F}.AppStore|x64.Build.0 = Debug|x64
		{11BAF6B3-EB7C-498E-B726-764DE9B9C51F}.AppStore|x64.Deploy.0 = Debug|x64
		{11BAF6B3-EB7C-498E-B726-764DE9B9C51F}.AppStore|x86.ActiveCfg = Debug|x86
		{11BAF6B3-EB7C-498E-B726-764DE9B9C51F}.AppStore|x86.Build.0 = Debug|x86
		{11BAF6B3-EB7C-498E-B726-764DE9B9C51F}.AppStore|x86.Deploy.0 = Debug|x86
		{11BAF6B3-EB7C-498E-B726-764DE9B9C51F}.Debug|Any CPU.ActiveCfg = Debug|x86
		{11BAF6B3-EB7C-498E-B726-764DE9B9C51F}.Debug|Any CPU.Build.0 = Debug|x86
		{11BAF6B3-EB7C-498E-B726-764DE9B9C51F}.Debug|Any CPU.Deploy.0 = Debug|x86
		{11BAF6B3-EB7C-498E-B726-764DE9B9C51F}.Debug|ARM.ActiveCfg = Debug|ARM
		{11BAF6B3-EB7C-498E-B726-764DE9B9C51F}.Debug|ARM.Build.0 = Debug|ARM
		{11BAF6B3-EB7C-498E-B726-764DE9B9C51F}.Debug|ARM.Deploy.0 = Debug|ARM
		{11BAF6B3-EB7C-498E-B726-764DE9B9C51F}.Debug|ARM64.ActiveCfg = Debug|ARM64
		{11BAF6B3-EB7C-498E-B726-764DE9B9C51F}.Debug|ARM64.Build.0 = Debug|ARM64
		{11BAF6B3-EB7C-498E-B726-764DE9B9C51F}.Debug|ARM64.Deploy.0 = Debug|ARM64
		{11BAF6B3-EB7C-498E-B726-764DE9B9C51F}.Debug|iPhone.ActiveCfg = Debug|x86
		{11BAF6B3-EB7C-498E-B726-764DE9B9C51F}.Debug|iPhoneSimulator.ActiveCfg = Debug|x86
		{11BAF6B3-EB7C-498E-B726-764DE9B9C51F}.Debug|iPhoneSimulator.Build.0 = Debug|x86
		{11BAF6B3-EB7C-498E-B726-764DE9B9C51F}.Debug|iPhoneSimulator.Deploy.0 = Debug|x86
		{11BAF6B3-EB7C-498E-B726-764DE9B9C51F}.Debug|x64.ActiveCfg = Debug|x64
		{11BAF6B3-EB7C-498E-B726-764DE9B9C51F}.Debug|x64.Build.0 = Debug|x64
		{11BAF6B3-EB7C-498E-B726-764DE9B9C51F}.Debug|x64.Deploy.0 = Debug|x64
		{11BAF6B3-EB7C-498E-B726-764DE9B9C51F}.Debug|x86.ActiveCfg = Debug|x86
		{11BAF6B3-EB7C-498E-B726-764DE9B9C51F}.Debug|x86.Build.0 = Debug|x86
		{11BAF6B3-EB7C-498E-B726-764DE9B9C51F}.Debug|x86.Deploy.0 = Debug|x86
		{11BAF6B3-EB7C-498E-B726-764DE9B9C51F}.Release|Any CPU.ActiveCfg = Release|x86
		{11BAF6B3-EB7C-498E-B726-764DE9B9C51F}.Release|Any CPU.Build.0 = Release|x86
		{11BAF6B3-EB7C-498E-B726-764DE9B9C51F}.Release|Any CPU.Deploy.0 = Release|x86
		{11BAF6B3-EB7C-498E-B726-764DE9B9C51F}.Release|ARM.ActiveCfg = Release|ARM
		{11BAF6B3-EB7C-498E-B726-764DE9B9C51F}.Release|ARM.Build.0 = Release|ARM
		{11BAF6B3-EB7C-498E-B726-764DE9B9C51F}.Release|ARM.Deploy.0 = Release|ARM
		{11BAF6B3-EB7C-498E-B726-764DE9B9C51F}.Release|ARM64.ActiveCfg = Release|ARM64
		{11BAF6B3-EB7C-498E-B726-764DE9B9C51F}.Release|ARM64.Build.0 = Release|ARM64
		{11BAF6B3-EB7C-498E-B726-764DE9B9C51F}.Release|ARM64.Deploy.0 = Release|ARM64
		{11BAF6B3-EB7C-498E-B726-764DE9B9C51F}.Release|iPhone.ActiveCfg = Release|x86
		{11BAF6B3-EB7C-498E-B726-764DE9B9C51F}.Release|iPhoneSimulator.ActiveCfg = Release|x86
		{11BAF6B3-EB7C-498E-B726-764DE9B9C51F}.Release|x64.ActiveCfg = Release|x64
		{11BAF6B3-EB7C-498E-B726-764DE9B9C51F}.Release|x64.Build.0 = Release|x64
		{11BAF6B3-EB7C-498E-B726-764DE9B9C51F}.Release|x64.Deploy.0 = Release|x64
		{11BAF6B3-EB7C-498E-B726-764DE9B9C51F}.Release|x86.ActiveCfg = Release|x86
		{11BAF6B3-EB7C-498E-B726-764DE9B9C51F}.Release|x86.Build.0 = Release|x86
		{11BAF6B3-EB7C-498E-B726-764DE9B9C51F}.Release|x86.Deploy.0 = Release|x86
		{CB80479F-4341-41F2-AD42-2FAA8337E00E}.Ad-Hoc|Any CPU.ActiveCfg = Debug|Any CPU
		{CB80479F-4341-41F2-AD42-2FAA8337E00E}.Ad-Hoc|Any CPU.Build.0 = Debug|Any CPU
		{CB80479F-4341-41F2-AD42-2FAA8337E00E}.Ad-Hoc|ARM.ActiveCfg = Debug|Any CPU
		{CB80479F-4341-41F2-AD42-2FAA8337E00E}.Ad-Hoc|ARM.Build.0 = Debug|Any CPU
		{CB80479F-4341-41F2-AD42-2FAA8337E00E}.Ad-Hoc|ARM64.ActiveCfg = Debug|Any CPU
		{CB80479F-4341-41F2-AD42-2FAA8337E00E}.Ad-Hoc|ARM64.Build.0 = Debug|Any CPU
		{CB80479F-4341-41F2-AD42-2FAA8337E00E}.Ad-Hoc|iPhone.ActiveCfg = Debug|Any CPU
		{CB80479F-4341-41F2-AD42-2FAA8337E00E}.Ad-Hoc|iPhone.Build.0 = Debug|Any CPU
		{CB80479F-4341-41F2-AD42-2FAA8337E00E}.Ad-Hoc|iPhoneSimulator.ActiveCfg = Debug|Any CPU
		{CB80479F-4341-41F2-AD42-2FAA8337E00E}.Ad-Hoc|iPhoneSimulator.Build.0 = Debug|Any CPU
		{CB80479F-4341-41F2-AD42-2FAA8337E00E}.Ad-Hoc|x64.ActiveCfg = Debug|Any CPU
		{CB80479F-4341-41F2-AD42-2FAA8337E00E}.Ad-Hoc|x64.Build.0 = Debug|Any CPU
		{CB80479F-4341-41F2-AD42-2FAA8337E00E}.Ad-Hoc|x86.ActiveCfg = Debug|Any CPU
		{CB80479F-4341-41F2-AD42-2FAA8337E00E}.Ad-Hoc|x86.Build.0 = Debug|Any CPU
		{CB80479F-4341-41F2-AD42-2FAA8337E00E}.AppStore|Any CPU.ActiveCfg = Debug|Any CPU
		{CB80479F-4341-41F2-AD42-2FAA8337E00E}.AppStore|Any CPU.Build.0 = Debug|Any CPU
		{CB80479F-4341-41F2-AD42-2FAA8337E00E}.AppStore|ARM.ActiveCfg = Debug|Any CPU
		{CB80479F-4341-41F2-AD42-2FAA8337E00E}.AppStore|ARM.Build.0 = Debug|Any CPU
		{CB80479F-4341-41F2-AD42-2FAA8337E00E}.AppStore|ARM64.ActiveCfg = Debug|Any CPU
		{CB80479F-4341-41F2-AD42-2FAA8337E00E}.AppStore|ARM64.Build.0 = Debug|Any CPU
		{CB80479F-4341-41F2-AD42-2FAA8337E00E}.AppStore|iPhone.ActiveCfg = Debug|Any CPU
		{CB80479F-4341-41F2-AD42-2FAA8337E00E}.AppStore|iPhone.Build.0 = Debug|Any CPU
		{CB80479F-4341-41F2-AD42-2FAA8337E00E}.AppStore|iPhoneSimulator.ActiveCfg = Debug|Any CPU
		{CB80479F-4341-41F2-AD42-2FAA8337E00E}.AppStore|iPhoneSimulator.Build.0 = Debug|Any CPU
		{CB80479F-4341-41F2-AD42-2FAA8337E00E}.AppStore|x64.ActiveCfg = Debug|Any CPU
		{CB80479F-4341-41F2-AD42-2FAA8337E00E}.AppStore|x64.Build.0 = Debug|Any CPU
		{CB80479F-4341-41F2-AD42-2FAA8337E00E}.AppStore|x86.ActiveCfg = Debug|Any CPU
		{CB80479F-4341-41F2-AD42-2FAA8337E00E}.AppStore|x86.Build.0 = Debug|Any CPU
		{CB80479F-4341-41F2-AD42-2FAA8337E00E}.Debug|Any CPU.ActiveCfg = Debug|Any CPU
		{CB80479F-4341-41F2-AD42-2FAA8337E00E}.Debug|Any CPU.Build.0 = Debug|Any CPU
		{CB80479F-4341-41F2-AD42-2FAA8337E00E}.Debug|ARM.ActiveCfg = Debug|Any CPU
		{CB80479F-4341-41F2-AD42-2FAA8337E00E}.Debug|ARM.Build.0 = Debug|Any CPU
		{CB80479F-4341-41F2-AD42-2FAA8337E00E}.Debug|ARM64.ActiveCfg = Debug|Any CPU
		{CB80479F-4341-41F2-AD42-2FAA8337E00E}.Debug|ARM64.Build.0 = Debug|Any CPU
		{CB80479F-4341-41F2-AD42-2FAA8337E00E}.Debug|iPhone.ActiveCfg = Debug|Any CPU
		{CB80479F-4341-41F2-AD42-2FAA8337E00E}.Debug|iPhone.Build.0 = Debug|Any CPU
		{CB80479F-4341-41F2-AD42-2FAA8337E00E}.Debug|iPhoneSimulator.ActiveCfg = Debug|Any CPU
		{CB80479F-4341-41F2-AD42-2FAA8337E00E}.Debug|iPhoneSimulator.Build.0 = Debug|Any CPU
		{CB80479F-4341-41F2-AD42-2FAA8337E00E}.Debug|x64.ActiveCfg = Debug|Any CPU
		{CB80479F-4341-41F2-AD42-2FAA8337E00E}.Debug|x64.Build.0 = Debug|Any CPU
		{CB80479F-4341-41F2-AD42-2FAA8337E00E}.Debug|x86.ActiveCfg = Debug|Any CPU
		{CB80479F-4341-41F2-AD42-2FAA8337E00E}.Debug|x86.Build.0 = Debug|Any CPU
		{CB80479F-4341-41F2-AD42-2FAA8337E00E}.Release|Any CPU.ActiveCfg = Release|Any CPU
		{CB80479F-4341-41F2-AD42-2FAA8337E00E}.Release|Any CPU.Build.0 = Release|Any CPU
		{CB80479F-4341-41F2-AD42-2FAA8337E00E}.Release|ARM.ActiveCfg = Release|Any CPU
		{CB80479F-4341-41F2-AD42-2FAA8337E00E}.Release|ARM.Build.0 = Release|Any CPU
		{CB80479F-4341-41F2-AD42-2FAA8337E00E}.Release|ARM64.ActiveCfg = Release|Any CPU
		{CB80479F-4341-41F2-AD42-2FAA8337E00E}.Release|ARM64.Build.0 = Release|Any CPU
		{CB80479F-4341-41F2-AD42-2FAA8337E00E}.Release|iPhone.ActiveCfg = Release|Any CPU
		{CB80479F-4341-41F2-AD42-2FAA8337E00E}.Release|iPhone.Build.0 = Release|Any CPU
		{CB80479F-4341-41F2-AD42-2FAA8337E00E}.Release|iPhoneSimulator.ActiveCfg = Release|Any CPU
		{CB80479F-4341-41F2-AD42-2FAA8337E00E}.Release|iPhoneSimulator.Build.0 = Release|Any CPU
		{CB80479F-4341-41F2-AD42-2FAA8337E00E}.Release|x64.ActiveCfg = Release|Any CPU
		{CB80479F-4341-41F2-AD42-2FAA8337E00E}.Release|x64.Build.0 = Release|Any CPU
		{CB80479F-4341-41F2-AD42-2FAA8337E00E}.Release|x86.ActiveCfg = Release|Any CPU
		{CB80479F-4341-41F2-AD42-2FAA8337E00E}.Release|x86.Build.0 = Release|Any CPU
		{EF5C63B3-6C11-4FCB-860C-B70576504048}.Ad-Hoc|Any CPU.ActiveCfg = Debug|iPhoneSimulator
		{EF5C63B3-6C11-4FCB-860C-B70576504048}.Ad-Hoc|Any CPU.Build.0 = Debug|iPhoneSimulator
		{EF5C63B3-6C11-4FCB-860C-B70576504048}.Ad-Hoc|ARM.ActiveCfg = Debug|iPhoneSimulator
		{EF5C63B3-6C11-4FCB-860C-B70576504048}.Ad-Hoc|ARM.Build.0 = Debug|iPhoneSimulator
		{EF5C63B3-6C11-4FCB-860C-B70576504048}.Ad-Hoc|ARM64.ActiveCfg = Debug|iPhoneSimulator
		{EF5C63B3-6C11-4FCB-860C-B70576504048}.Ad-Hoc|ARM64.Build.0 = Debug|iPhoneSimulator
		{EF5C63B3-6C11-4FCB-860C-B70576504048}.Ad-Hoc|iPhone.ActiveCfg = Debug|iPhoneSimulator
		{EF5C63B3-6C11-4FCB-860C-B70576504048}.Ad-Hoc|iPhone.Build.0 = Debug|iPhoneSimulator
		{EF5C63B3-6C11-4FCB-860C-B70576504048}.Ad-Hoc|iPhoneSimulator.ActiveCfg = Debug|iPhoneSimulator
		{EF5C63B3-6C11-4FCB-860C-B70576504048}.Ad-Hoc|iPhoneSimulator.Build.0 = Debug|iPhoneSimulator
		{EF5C63B3-6C11-4FCB-860C-B70576504048}.Ad-Hoc|x64.ActiveCfg = Debug|iPhoneSimulator
		{EF5C63B3-6C11-4FCB-860C-B70576504048}.Ad-Hoc|x64.Build.0 = Debug|iPhoneSimulator
		{EF5C63B3-6C11-4FCB-860C-B70576504048}.Ad-Hoc|x86.ActiveCfg = Debug|iPhoneSimulator
		{EF5C63B3-6C11-4FCB-860C-B70576504048}.Ad-Hoc|x86.Build.0 = Debug|iPhoneSimulator
		{EF5C63B3-6C11-4FCB-860C-B70576504048}.AppStore|Any CPU.ActiveCfg = Debug|iPhoneSimulator
		{EF5C63B3-6C11-4FCB-860C-B70576504048}.AppStore|Any CPU.Build.0 = Debug|iPhoneSimulator
		{EF5C63B3-6C11-4FCB-860C-B70576504048}.AppStore|ARM.ActiveCfg = Debug|iPhoneSimulator
		{EF5C63B3-6C11-4FCB-860C-B70576504048}.AppStore|ARM.Build.0 = Debug|iPhoneSimulator
		{EF5C63B3-6C11-4FCB-860C-B70576504048}.AppStore|ARM64.ActiveCfg = Debug|iPhoneSimulator
		{EF5C63B3-6C11-4FCB-860C-B70576504048}.AppStore|ARM64.Build.0 = Debug|iPhoneSimulator
		{EF5C63B3-6C11-4FCB-860C-B70576504048}.AppStore|iPhone.ActiveCfg = Debug|iPhoneSimulator
		{EF5C63B3-6C11-4FCB-860C-B70576504048}.AppStore|iPhone.Build.0 = Debug|iPhoneSimulator
		{EF5C63B3-6C11-4FCB-860C-B70576504048}.AppStore|iPhoneSimulator.ActiveCfg = Debug|iPhoneSimulator
		{EF5C63B3-6C11-4FCB-860C-B70576504048}.AppStore|iPhoneSimulator.Build.0 = Debug|iPhoneSimulator
		{EF5C63B3-6C11-4FCB-860C-B70576504048}.AppStore|x64.ActiveCfg = Debug|iPhoneSimulator
		{EF5C63B3-6C11-4FCB-860C-B70576504048}.AppStore|x64.Build.0 = Debug|iPhoneSimulator
		{EF5C63B3-6C11-4FCB-860C-B70576504048}.AppStore|x86.ActiveCfg = Debug|iPhoneSimulator
		{EF5C63B3-6C11-4FCB-860C-B70576504048}.AppStore|x86.Build.0 = Debug|iPhoneSimulator
		{EF5C63B3-6C11-4FCB-860C-B70576504048}.Debug|Any CPU.ActiveCfg = Debug|iPhoneSimulator
		{EF5C63B3-6C11-4FCB-860C-B70576504048}.Debug|ARM.ActiveCfg = Debug|iPhoneSimulator
		{EF5C63B3-6C11-4FCB-860C-B70576504048}.Debug|ARM64.ActiveCfg = Debug|iPhoneSimulator
		{EF5C63B3-6C11-4FCB-860C-B70576504048}.Debug|iPhone.ActiveCfg = Debug|iPhoneSimulator
		{EF5C63B3-6C11-4FCB-860C-B70576504048}.Debug|iPhoneSimulator.ActiveCfg = Debug|iPhoneSimulator
		{EF5C63B3-6C11-4FCB-860C-B70576504048}.Debug|iPhoneSimulator.Build.0 = Debug|iPhoneSimulator
		{EF5C63B3-6C11-4FCB-860C-B70576504048}.Debug|x64.ActiveCfg = Debug|iPhoneSimulator
		{EF5C63B3-6C11-4FCB-860C-B70576504048}.Debug|x86.ActiveCfg = Debug|iPhoneSimulator
		{EF5C63B3-6C11-4FCB-860C-B70576504048}.Release|Any CPU.ActiveCfg = Release|iPhoneSimulator
		{EF5C63B3-6C11-4FCB-860C-B70576504048}.Release|ARM.ActiveCfg = Release|iPhoneSimulator
		{EF5C63B3-6C11-4FCB-860C-B70576504048}.Release|ARM64.ActiveCfg = Release|iPhoneSimulator
		{EF5C63B3-6C11-4FCB-860C-B70576504048}.Release|iPhone.ActiveCfg = Release|iPhoneSimulator
		{EF5C63B3-6C11-4FCB-860C-B70576504048}.Release|iPhoneSimulator.ActiveCfg = Release|iPhoneSimulator
		{EF5C63B3-6C11-4FCB-860C-B70576504048}.Release|iPhoneSimulator.Build.0 = Release|iPhoneSimulator
		{EF5C63B3-6C11-4FCB-860C-B70576504048}.Release|x64.ActiveCfg = Release|iPhoneSimulator
		{EF5C63B3-6C11-4FCB-860C-B70576504048}.Release|x86.ActiveCfg = Release|iPhoneSimulator
		{F9A3A981-6312-415B-A39B-C19B304F4937}.Ad-Hoc|Any CPU.ActiveCfg = Debug|Any CPU
		{F9A3A981-6312-415B-A39B-C19B304F4937}.Ad-Hoc|Any CPU.Build.0 = Debug|Any CPU
		{F9A3A981-6312-415B-A39B-C19B304F4937}.Ad-Hoc|ARM.ActiveCfg = Debug|Any CPU
		{F9A3A981-6312-415B-A39B-C19B304F4937}.Ad-Hoc|ARM.Build.0 = Debug|Any CPU
		{F9A3A981-6312-415B-A39B-C19B304F4937}.Ad-Hoc|ARM64.ActiveCfg = Debug|Any CPU
		{F9A3A981-6312-415B-A39B-C19B304F4937}.Ad-Hoc|ARM64.Build.0 = Debug|Any CPU
		{F9A3A981-6312-415B-A39B-C19B304F4937}.Ad-Hoc|iPhone.ActiveCfg = Debug|Any CPU
		{F9A3A981-6312-415B-A39B-C19B304F4937}.Ad-Hoc|iPhone.Build.0 = Debug|Any CPU
		{F9A3A981-6312-415B-A39B-C19B304F4937}.Ad-Hoc|iPhoneSimulator.ActiveCfg = Debug|Any CPU
		{F9A3A981-6312-415B-A39B-C19B304F4937}.Ad-Hoc|iPhoneSimulator.Build.0 = Debug|Any CPU
		{F9A3A981-6312-415B-A39B-C19B304F4937}.Ad-Hoc|x64.ActiveCfg = Debug|Any CPU
		{F9A3A981-6312-415B-A39B-C19B304F4937}.Ad-Hoc|x64.Build.0 = Debug|Any CPU
		{F9A3A981-6312-415B-A39B-C19B304F4937}.Ad-Hoc|x86.ActiveCfg = Debug|Any CPU
		{F9A3A981-6312-415B-A39B-C19B304F4937}.Ad-Hoc|x86.Build.0 = Debug|Any CPU
		{F9A3A981-6312-415B-A39B-C19B304F4937}.AppStore|Any CPU.ActiveCfg = Debug|Any CPU
		{F9A3A981-6312-415B-A39B-C19B304F4937}.AppStore|Any CPU.Build.0 = Debug|Any CPU
		{F9A3A981-6312-415B-A39B-C19B304F4937}.AppStore|ARM.ActiveCfg = Debug|Any CPU
		{F9A3A981-6312-415B-A39B-C19B304F4937}.AppStore|ARM.Build.0 = Debug|Any CPU
		{F9A3A981-6312-415B-A39B-C19B304F4937}.AppStore|ARM64.ActiveCfg = Debug|Any CPU
		{F9A3A981-6312-415B-A39B-C19B304F4937}.AppStore|ARM64.Build.0 = Debug|Any CPU
		{F9A3A981-6312-415B-A39B-C19B304F4937}.AppStore|iPhone.ActiveCfg = Debug|Any CPU
		{F9A3A981-6312-415B-A39B-C19B304F4937}.AppStore|iPhone.Build.0 = Debug|Any CPU
		{F9A3A981-6312-415B-A39B-C19B304F4937}.AppStore|iPhoneSimulator.ActiveCfg = Debug|Any CPU
		{F9A3A981-6312-415B-A39B-C19B304F4937}.AppStore|iPhoneSimulator.Build.0 = Debug|Any CPU
		{F9A3A981-6312-415B-A39B-C19B304F4937}.AppStore|x64.ActiveCfg = Debug|Any CPU
		{F9A3A981-6312-415B-A39B-C19B304F4937}.AppStore|x64.Build.0 = Debug|Any CPU
		{F9A3A981-6312-415B-A39B-C19B304F4937}.AppStore|x86.ActiveCfg = Debug|Any CPU
		{F9A3A981-6312-415B-A39B-C19B304F4937}.AppStore|x86.Build.0 = Debug|Any CPU
		{F9A3A981-6312-415B-A39B-C19B304F4937}.Debug|Any CPU.ActiveCfg = Debug|Any CPU
		{F9A3A981-6312-415B-A39B-C19B304F4937}.Debug|Any CPU.Build.0 = Debug|Any CPU
		{F9A3A981-6312-415B-A39B-C19B304F4937}.Debug|ARM.ActiveCfg = Debug|Any CPU
		{F9A3A981-6312-415B-A39B-C19B304F4937}.Debug|ARM.Build.0 = Debug|Any CPU
		{F9A3A981-6312-415B-A39B-C19B304F4937}.Debug|ARM64.ActiveCfg = Debug|Any CPU
		{F9A3A981-6312-415B-A39B-C19B304F4937}.Debug|ARM64.Build.0 = Debug|Any CPU
		{F9A3A981-6312-415B-A39B-C19B304F4937}.Debug|iPhone.ActiveCfg = Debug|Any CPU
		{F9A3A981-6312-415B-A39B-C19B304F4937}.Debug|iPhone.Build.0 = Debug|Any CPU
		{F9A3A981-6312-415B-A39B-C19B304F4937}.Debug|iPhoneSimulator.ActiveCfg = Debug|Any CPU
		{F9A3A981-6312-415B-A39B-C19B304F4937}.Debug|iPhoneSimulator.Build.0 = Debug|Any CPU
		{F9A3A981-6312-415B-A39B-C19B304F4937}.Debug|x64.ActiveCfg = Debug|Any CPU
		{F9A3A981-6312-415B-A39B-C19B304F4937}.Debug|x64.Build.0 = Debug|Any CPU
		{F9A3A981-6312-415B-A39B-C19B304F4937}.Debug|x86.ActiveCfg = Debug|Any CPU
		{F9A3A981-6312-415B-A39B-C19B304F4937}.Debug|x86.Build.0 = Debug|Any CPU
		{F9A3A981-6312-415B-A39B-C19B304F4937}.Release|Any CPU.ActiveCfg = Release|Any CPU
		{F9A3A981-6312-415B-A39B-C19B304F4937}.Release|Any CPU.Build.0 = Release|Any CPU
		{F9A3A981-6312-415B-A39B-C19B304F4937}.Release|ARM.ActiveCfg = Release|Any CPU
		{F9A3A981-6312-415B-A39B-C19B304F4937}.Release|ARM.Build.0 = Release|Any CPU
		{F9A3A981-6312-415B-A39B-C19B304F4937}.Release|ARM64.ActiveCfg = Release|Any CPU
		{F9A3A981-6312-415B-A39B-C19B304F4937}.Release|ARM64.Build.0 = Release|Any CPU
		{F9A3A981-6312-415B-A39B-C19B304F4937}.Release|iPhone.ActiveCfg = Release|Any CPU
		{F9A3A981-6312-415B-A39B-C19B304F4937}.Release|iPhone.Build.0 = Release|Any CPU
		{F9A3A981-6312-415B-A39B-C19B304F4937}.Release|iPhoneSimulator.ActiveCfg = Release|Any CPU
		{F9A3A981-6312-415B-A39B-C19B304F4937}.Release|iPhoneSimulator.Build.0 = Release|Any CPU
		{F9A3A981-6312-415B-A39B-C19B304F4937}.Release|x64.ActiveCfg = Release|Any CPU
		{F9A3A981-6312-415B-A39B-C19B304F4937}.Release|x64.Build.0 = Release|Any CPU
		{F9A3A981-6312-415B-A39B-C19B304F4937}.Release|x86.ActiveCfg = Release|Any CPU
		{F9A3A981-6312-415B-A39B-C19B304F4937}.Release|x86.Build.0 = Release|Any CPU
		{7607CD73-E912-48D8-A561-C9FF0598B8CD}.Ad-Hoc|Any CPU.ActiveCfg = Debug|Any CPU
		{7607CD73-E912-48D8-A561-C9FF0598B8CD}.Ad-Hoc|Any CPU.Build.0 = Debug|Any CPU
		{7607CD73-E912-48D8-A561-C9FF0598B8CD}.Ad-Hoc|ARM.ActiveCfg = Debug|Any CPU
		{7607CD73-E912-48D8-A561-C9FF0598B8CD}.Ad-Hoc|ARM.Build.0 = Debug|Any CPU
		{7607CD73-E912-48D8-A561-C9FF0598B8CD}.Ad-Hoc|ARM64.ActiveCfg = Debug|Any CPU
		{7607CD73-E912-48D8-A561-C9FF0598B8CD}.Ad-Hoc|ARM64.Build.0 = Debug|Any CPU
		{7607CD73-E912-48D8-A561-C9FF0598B8CD}.Ad-Hoc|iPhone.ActiveCfg = Debug|Any CPU
		{7607CD73-E912-48D8-A561-C9FF0598B8CD}.Ad-Hoc|iPhone.Build.0 = Debug|Any CPU
		{7607CD73-E912-48D8-A561-C9FF0598B8CD}.Ad-Hoc|iPhoneSimulator.ActiveCfg = Debug|Any CPU
		{7607CD73-E912-48D8-A561-C9FF0598B8CD}.Ad-Hoc|iPhoneSimulator.Build.0 = Debug|Any CPU
		{7607CD73-E912-48D8-A561-C9FF0598B8CD}.Ad-Hoc|x64.ActiveCfg = Debug|Any CPU
		{7607CD73-E912-48D8-A561-C9FF0598B8CD}.Ad-Hoc|x64.Build.0 = Debug|Any CPU
		{7607CD73-E912-48D8-A561-C9FF0598B8CD}.Ad-Hoc|x86.ActiveCfg = Debug|Any CPU
		{7607CD73-E912-48D8-A561-C9FF0598B8CD}.Ad-Hoc|x86.Build.0 = Debug|Any CPU
		{7607CD73-E912-48D8-A561-C9FF0598B8CD}.AppStore|Any CPU.ActiveCfg = Debug|Any CPU
		{7607CD73-E912-48D8-A561-C9FF0598B8CD}.AppStore|Any CPU.Build.0 = Debug|Any CPU
		{7607CD73-E912-48D8-A561-C9FF0598B8CD}.AppStore|ARM.ActiveCfg = Debug|Any CPU
		{7607CD73-E912-48D8-A561-C9FF0598B8CD}.AppStore|ARM.Build.0 = Debug|Any CPU
		{7607CD73-E912-48D8-A561-C9FF0598B8CD}.AppStore|ARM64.ActiveCfg = Debug|Any CPU
		{7607CD73-E912-48D8-A561-C9FF0598B8CD}.AppStore|ARM64.Build.0 = Debug|Any CPU
		{7607CD73-E912-48D8-A561-C9FF0598B8CD}.AppStore|iPhone.ActiveCfg = Debug|Any CPU
		{7607CD73-E912-48D8-A561-C9FF0598B8CD}.AppStore|iPhone.Build.0 = Debug|Any CPU
		{7607CD73-E912-48D8-A561-C9FF0598B8CD}.AppStore|iPhoneSimulator.ActiveCfg = Debug|Any CPU
		{7607CD73-E912-48D8-A561-C9FF0598B8CD}.AppStore|iPhoneSimulator.Build.0 = Debug|Any CPU
		{7607CD73-E912-48D8-A561-C9FF0598B8CD}.AppStore|x64.ActiveCfg = Debug|Any CPU
		{7607CD73-E912-48D8-A561-C9FF0598B8CD}.AppStore|x64.Build.0 = Debug|Any CPU
		{7607CD73-E912-48D8-A561-C9FF0598B8CD}.AppStore|x86.ActiveCfg = Debug|Any CPU
		{7607CD73-E912-48D8-A561-C9FF0598B8CD}.AppStore|x86.Build.0 = Debug|Any CPU
		{7607CD73-E912-48D8-A561-C9FF0598B8CD}.Debug|Any CPU.ActiveCfg = Debug|Any CPU
		{7607CD73-E912-48D8-A561-C9FF0598B8CD}.Debug|Any CPU.Build.0 = Debug|Any CPU
		{7607CD73-E912-48D8-A561-C9FF0598B8CD}.Debug|ARM.ActiveCfg = Debug|Any CPU
		{7607CD73-E912-48D8-A561-C9FF0598B8CD}.Debug|ARM.Build.0 = Debug|Any CPU
		{7607CD73-E912-48D8-A561-C9FF0598B8CD}.Debug|ARM64.ActiveCfg = Debug|Any CPU
		{7607CD73-E912-48D8-A561-C9FF0598B8CD}.Debug|ARM64.Build.0 = Debug|Any CPU
		{7607CD73-E912-48D8-A561-C9FF0598B8CD}.Debug|iPhone.ActiveCfg = Debug|Any CPU
		{7607CD73-E912-48D8-A561-C9FF0598B8CD}.Debug|iPhone.Build.0 = Debug|Any CPU
		{7607CD73-E912-48D8-A561-C9FF0598B8CD}.Debug|iPhoneSimulator.ActiveCfg = Debug|Any CPU
		{7607CD73-E912-48D8-A561-C9FF0598B8CD}.Debug|iPhoneSimulator.Build.0 = Debug|Any CPU
		{7607CD73-E912-48D8-A561-C9FF0598B8CD}.Debug|x64.ActiveCfg = Debug|Any CPU
		{7607CD73-E912-48D8-A561-C9FF0598B8CD}.Debug|x64.Build.0 = Debug|Any CPU
		{7607CD73-E912-48D8-A561-C9FF0598B8CD}.Debug|x86.ActiveCfg = Debug|Any CPU
		{7607CD73-E912-48D8-A561-C9FF0598B8CD}.Debug|x86.Build.0 = Debug|Any CPU
		{7607CD73-E912-48D8-A561-C9FF0598B8CD}.Release|Any CPU.ActiveCfg = Release|Any CPU
		{7607CD73-E912-48D8-A561-C9FF0598B8CD}.Release|Any CPU.Build.0 = Release|Any CPU
		{7607CD73-E912-48D8-A561-C9FF0598B8CD}.Release|ARM.ActiveCfg = Release|Any CPU
		{7607CD73-E912-48D8-A561-C9FF0598B8CD}.Release|ARM.Build.0 = Release|Any CPU
		{7607CD73-E912-48D8-A561-C9FF0598B8CD}.Release|ARM64.ActiveCfg = Release|Any CPU
		{7607CD73-E912-48D8-A561-C9FF0598B8CD}.Release|ARM64.Build.0 = Release|Any CPU
		{7607CD73-E912-48D8-A561-C9FF0598B8CD}.Release|iPhone.ActiveCfg = Release|Any CPU
		{7607CD73-E912-48D8-A561-C9FF0598B8CD}.Release|iPhone.Build.0 = Release|Any CPU
		{7607CD73-E912-48D8-A561-C9FF0598B8CD}.Release|iPhoneSimulator.ActiveCfg = Release|Any CPU
		{7607CD73-E912-48D8-A561-C9FF0598B8CD}.Release|iPhoneSimulator.Build.0 = Release|Any CPU
		{7607CD73-E912-48D8-A561-C9FF0598B8CD}.Release|x64.ActiveCfg = Release|Any CPU
		{7607CD73-E912-48D8-A561-C9FF0598B8CD}.Release|x64.Build.0 = Release|Any CPU
		{7607CD73-E912-48D8-A561-C9FF0598B8CD}.Release|x86.ActiveCfg = Release|Any CPU
		{7607CD73-E912-48D8-A561-C9FF0598B8CD}.Release|x86.Build.0 = Release|Any CPU
		{B21073BD-5DC6-4565-A1B2-9A1891573574}.Ad-Hoc|Any CPU.ActiveCfg = Debug|Any CPU
		{B21073BD-5DC6-4565-A1B2-9A1891573574}.Ad-Hoc|Any CPU.Build.0 = Debug|Any CPU
		{B21073BD-5DC6-4565-A1B2-9A1891573574}.Ad-Hoc|ARM.ActiveCfg = Debug|Any CPU
		{B21073BD-5DC6-4565-A1B2-9A1891573574}.Ad-Hoc|ARM.Build.0 = Debug|Any CPU
		{B21073BD-5DC6-4565-A1B2-9A1891573574}.Ad-Hoc|ARM64.ActiveCfg = Debug|Any CPU
		{B21073BD-5DC6-4565-A1B2-9A1891573574}.Ad-Hoc|ARM64.Build.0 = Debug|Any CPU
		{B21073BD-5DC6-4565-A1B2-9A1891573574}.Ad-Hoc|iPhone.ActiveCfg = Debug|Any CPU
		{B21073BD-5DC6-4565-A1B2-9A1891573574}.Ad-Hoc|iPhone.Build.0 = Debug|Any CPU
		{B21073BD-5DC6-4565-A1B2-9A1891573574}.Ad-Hoc|iPhoneSimulator.ActiveCfg = Debug|Any CPU
		{B21073BD-5DC6-4565-A1B2-9A1891573574}.Ad-Hoc|iPhoneSimulator.Build.0 = Debug|Any CPU
		{B21073BD-5DC6-4565-A1B2-9A1891573574}.Ad-Hoc|x64.ActiveCfg = Debug|Any CPU
		{B21073BD-5DC6-4565-A1B2-9A1891573574}.Ad-Hoc|x64.Build.0 = Debug|Any CPU
		{B21073BD-5DC6-4565-A1B2-9A1891573574}.Ad-Hoc|x86.ActiveCfg = Debug|Any CPU
		{B21073BD-5DC6-4565-A1B2-9A1891573574}.Ad-Hoc|x86.Build.0 = Debug|Any CPU
		{B21073BD-5DC6-4565-A1B2-9A1891573574}.AppStore|Any CPU.ActiveCfg = Debug|Any CPU
		{B21073BD-5DC6-4565-A1B2-9A1891573574}.AppStore|Any CPU.Build.0 = Debug|Any CPU
		{B21073BD-5DC6-4565-A1B2-9A1891573574}.AppStore|ARM.ActiveCfg = Debug|Any CPU
		{B21073BD-5DC6-4565-A1B2-9A1891573574}.AppStore|ARM.Build.0 = Debug|Any CPU
		{B21073BD-5DC6-4565-A1B2-9A1891573574}.AppStore|ARM64.ActiveCfg = Debug|Any CPU
		{B21073BD-5DC6-4565-A1B2-9A1891573574}.AppStore|ARM64.Build.0 = Debug|Any CPU
		{B21073BD-5DC6-4565-A1B2-9A1891573574}.AppStore|iPhone.ActiveCfg = Debug|Any CPU
		{B21073BD-5DC6-4565-A1B2-9A1891573574}.AppStore|iPhone.Build.0 = Debug|Any CPU
		{B21073BD-5DC6-4565-A1B2-9A1891573574}.AppStore|iPhoneSimulator.ActiveCfg = Debug|Any CPU
		{B21073BD-5DC6-4565-A1B2-9A1891573574}.AppStore|iPhoneSimulator.Build.0 = Debug|Any CPU
		{B21073BD-5DC6-4565-A1B2-9A1891573574}.AppStore|x64.ActiveCfg = Debug|Any CPU
		{B21073BD-5DC6-4565-A1B2-9A1891573574}.AppStore|x64.Build.0 = Debug|Any CPU
		{B21073BD-5DC6-4565-A1B2-9A1891573574}.AppStore|x86.ActiveCfg = Debug|Any CPU
		{B21073BD-5DC6-4565-A1B2-9A1891573574}.AppStore|x86.Build.0 = Debug|Any CPU
		{B21073BD-5DC6-4565-A1B2-9A1891573574}.Debug|Any CPU.ActiveCfg = Debug|Any CPU
		{B21073BD-5DC6-4565-A1B2-9A1891573574}.Debug|Any CPU.Build.0 = Debug|Any CPU
		{B21073BD-5DC6-4565-A1B2-9A1891573574}.Debug|ARM.ActiveCfg = Debug|Any CPU
		{B21073BD-5DC6-4565-A1B2-9A1891573574}.Debug|ARM.Build.0 = Debug|Any CPU
		{B21073BD-5DC6-4565-A1B2-9A1891573574}.Debug|ARM64.ActiveCfg = Debug|Any CPU
		{B21073BD-5DC6-4565-A1B2-9A1891573574}.Debug|ARM64.Build.0 = Debug|Any CPU
		{B21073BD-5DC6-4565-A1B2-9A1891573574}.Debug|iPhone.ActiveCfg = Debug|Any CPU
		{B21073BD-5DC6-4565-A1B2-9A1891573574}.Debug|iPhone.Build.0 = Debug|Any CPU
		{B21073BD-5DC6-4565-A1B2-9A1891573574}.Debug|iPhoneSimulator.ActiveCfg = Debug|Any CPU
		{B21073BD-5DC6-4565-A1B2-9A1891573574}.Debug|iPhoneSimulator.Build.0 = Debug|Any CPU
		{B21073BD-5DC6-4565-A1B2-9A1891573574}.Debug|x64.ActiveCfg = Debug|Any CPU
		{B21073BD-5DC6-4565-A1B2-9A1891573574}.Debug|x64.Build.0 = Debug|Any CPU
		{B21073BD-5DC6-4565-A1B2-9A1891573574}.Debug|x86.ActiveCfg = Debug|Any CPU
		{B21073BD-5DC6-4565-A1B2-9A1891573574}.Debug|x86.Build.0 = Debug|Any CPU
		{B21073BD-5DC6-4565-A1B2-9A1891573574}.Release|Any CPU.ActiveCfg = Release|Any CPU
		{B21073BD-5DC6-4565-A1B2-9A1891573574}.Release|Any CPU.Build.0 = Release|Any CPU
		{B21073BD-5DC6-4565-A1B2-9A1891573574}.Release|ARM.ActiveCfg = Release|Any CPU
		{B21073BD-5DC6-4565-A1B2-9A1891573574}.Release|ARM.Build.0 = Release|Any CPU
		{B21073BD-5DC6-4565-A1B2-9A1891573574}.Release|ARM64.ActiveCfg = Release|Any CPU
		{B21073BD-5DC6-4565-A1B2-9A1891573574}.Release|ARM64.Build.0 = Release|Any CPU
		{B21073BD-5DC6-4565-A1B2-9A1891573574}.Release|iPhone.ActiveCfg = Release|Any CPU
		{B21073BD-5DC6-4565-A1B2-9A1891573574}.Release|iPhone.Build.0 = Release|Any CPU
		{B21073BD-5DC6-4565-A1B2-9A1891573574}.Release|iPhoneSimulator.ActiveCfg = Release|Any CPU
		{B21073BD-5DC6-4565-A1B2-9A1891573574}.Release|iPhoneSimulator.Build.0 = Release|Any CPU
		{B21073BD-5DC6-4565-A1B2-9A1891573574}.Release|x64.ActiveCfg = Release|Any CPU
		{B21073BD-5DC6-4565-A1B2-9A1891573574}.Release|x64.Build.0 = Release|Any CPU
		{B21073BD-5DC6-4565-A1B2-9A1891573574}.Release|x86.ActiveCfg = Release|Any CPU
		{B21073BD-5DC6-4565-A1B2-9A1891573574}.Release|x86.Build.0 = Release|Any CPU
	EndGlobalSection
	GlobalSection(SolutionProperties) = preSolution
		HideSolutionNode = FALSE
	EndGlobalSection
	GlobalSection(ExtensibilityGlobals) = postSolution
		SolutionGuid = {377F8783-38D2-427D-AA95-90FD53EA560A}
	EndGlobalSection
EndGlobal
